// !$*UTF8*$!
{
	archiveVersion = 1;
	classes = {
	};
	objectVersion = 56;
	objects = {

/* Begin PBXBuildFile section */
		25591EDAF351DE9249232003 /* AppSettings.swift in Sources */ = {isa = PBXBuildFile; fileRef = CE3897D9D451EBA802A107FC /* AppSettings.swift */; };
		2626834281CF6E6732838545 /* StatisticsView.swift in Sources */ = {isa = PBXBuildFile; fileRef = 8021F185EE406EC7EFB8B760 /* StatisticsView.swift */; };
		288F32A3BFC84B570FC08A4F /* Pods_BobCamAgent.framework in Frameworks */ = {isa = PBXBuildFile; fileRef = 08E0C4817F1C307B7CA21154 /* Pods_BobCamAgent.framework */; };
		35A7D251808D05D7C47F4DE0 /* Pods_BobCamAgent_BobCamAgentUITests.framework in Frameworks */ = {isa = PBXBuildFile; fileRef = 00BA7BF8F481AC8C761AD6EA /* Pods_BobCamAgent_BobCamAgentUITests.framework */; };
		48F3982DEE3D5897ADB499B7 /* SettingsView.swift in Sources */ = {isa = PBXBuildFile; fileRef = 14D2799C541D3C6F7BB8B305 /* SettingsView.swift */; };
		5055E1617C7308B79ADB7E31 /* Pods_BobCamAgentTests.framework in Frameworks */ = {isa = PBXBuildFile; fileRef = 75433229224FAB2C79674824 /* Pods_BobCamAgentTests.framework */; };
		5286CD5D0AF0A6D16A6BA745 /* VideoSelectionView.swift in Sources */ = {isa = PBXBuildFile; fileRef = 1762FAFDFE719E0B5C953382 /* VideoSelectionView.swift */; };
		5531D811C8D5F1FE1591FD6B /* VideoPlayerView.swift in Sources */ = {isa = PBXBuildFile; fileRef = 9186BDB9F0610907087D9759 /* VideoPlayerView.swift */; };
		57C2C895FAE95101DFDE6049 /* VideoServiceProtocol.swift in Sources */ = {isa = PBXBuildFile; fileRef = C568E35AF0A488965400058B /* VideoServiceProtocol.swift */; };
		5E9CCFAA2E0E3B02E2FF7A23 /* TouchBlockingView.swift in Sources */ = {isa = PBXBuildFile; fileRef = 2882004083791BF43A8317C4 /* TouchBlockingView.swift */; };
		6854DA732DEF7F91CDDAC87A /* VideoService.swift in Sources */ = {isa = PBXBuildFile; fileRef = DDD4A7DDDCF73888C571ABF2 /* VideoService.swift */; };
		7ED7914E5CC31BDBA5EBFCEF /* Constants.swift in Sources */ = {isa = PBXBuildFile; fileRef = 37F9514D5E77F3735D3AD0B2 /* Constants.swift */; };
		8115467F624081A717DE51CF /* MainView.swift in Sources */ = {isa = PBXBuildFile; fileRef = A70B7FBDD0AD8071AF80F4DE /* MainView.swift */; };
		924326F769F6EF4A7741789F /* FeedbackServiceProtocol.swift in Sources */ = {isa = PBXBuildFile; fileRef = 116FAF47C05C665F67C4C336 /* FeedbackServiceProtocol.swift */; };
		933AB385F3D9798C923C5E21 /* StatisticsService.swift in Sources */ = {isa = PBXBuildFile; fileRef = B2A585712868EE53111E273B /* StatisticsService.swift */; };
		A10001401B00000000000001 /* BobCamAgentTests.swift in Sources */ = {isa = PBXBuildFile; fileRef = A10001411B00000000000001 /* BobCamAgentTests.swift */; };
		A10001421B00000000000001 /* BobCamAgentUITests.swift in Sources */ = {isa = PBXBuildFile; fileRef = A10001431B00000000000001 /* BobCamAgentUITests.swift */; };
		A10001441B00000000000001 /* BobCamAgentUITestsLaunchTests.swift in Sources */ = {isa = PBXBuildFile; fileRef = A10001451B00000000000001 /* BobCamAgentUITestsLaunchTests.swift */; };
		A6F7D7B8409BE2D9ADB8F4DF /* FeedbackService.swift in Sources */ = {isa = PBXBuildFile; fileRef = 15FA26E9E6B137ADC6B677E5 /* FeedbackService.swift */; };
		AB499353D420B5BB5F8F1AE2 /* FeedbackState.swift in Sources */ = {isa = PBXBuildFile; fileRef = 11AF0EC7CB9EEF1985F9B67B /* FeedbackState.swift */; };
		BC2555B0F5810685D68B3710 /* VisionService.swift in Sources */ = {isa = PBXBuildFile; fileRef = 75DB657DEE8EB46F8DB3839A /* VisionService.swift */; };
		C4353B8568C7A93B5CC7A32B /* CameraService.swift in Sources */ = {isa = PBXBuildFile; fileRef = 95BF431A76B17DF13FE5B8CE /* CameraService.swift */; };
		D9DDD068926837666FE7F53F /* PraiseOverlay.swift in Sources */ = {isa = PBXBuildFile; fileRef = D05ED1053C818FFFD2DC27B5 /* PraiseOverlay.swift */; };
		E4BE6CB1FA0F54B2AB5EBA66 /* NudgeOverlay.swift in Sources */ = {isa = PBXBuildFile; fileRef = 557FA8323F23913CE45262A1 /* NudgeOverlay.swift */; };
		E51935D122C9D0608F0481E8 /* CameraServiceProtocol.swift in Sources */ = {isa = PBXBuildFile; fileRef = BF95F24ADB206AE9D56B2436 /* CameraServiceProtocol.swift */; };
		E73E7E0C35109A703B8D6A51 /* YouTubePlayerView.swift in Sources */ = {isa = PBXBuildFile; fileRef = 7AA9A529D2FE8D1280F30B14 /* YouTubePlayerView.swift */; };
		F009EAE03E363835123DAE28 /* BobCamAgentApp.swift in Sources */ = {isa = PBXBuildFile; fileRef = 0FF04D9472B3DD7A86165FED /* BobCamAgentApp.swift */; };
		F5C9711DC852D877FAE336ED /* MealSession.swift in Sources */ = {isa = PBXBuildFile; fileRef = 0B09AB5E79517936A591BB26 /* MealSession.swift */; };
		F706ED244C15CEBDDFD90BB7 /* EatingState.swift in Sources */ = {isa = PBXBuildFile; fileRef = 5D38E0DD4FBD61F761F96152 /* EatingState.swift */; };
		F90F7EE75D6FADDCC2ED3B39 /* VisionServiceProtocol.swift in Sources */ = {isa = PBXBuildFile; fileRef = F28F57709F7F00136ECEA1BB /* VisionServiceProtocol.swift */; };
		FAD28C1C705665AAA4B7E8D2 /* ParentControlBar.swift in Sources */ = {isa = PBXBuildFile; fileRef = CE06D92BB93867A22D3F7014 /* ParentControlBar.swift */; };
/* End PBXBuildFile section */

/* Begin PBXContainerItemProxy section */
		A10001461B00000000000001 /* PBXContainerItemProxy */ = {
			isa = PBXContainerItemProxy;
			containerPortal = A10001471B00000000000001 /* Project object */;
			proxyType = 1;
			remoteGlobalIDString = A10001001B00000000000001;
			remoteInfo = BobCamAgent;
		};
		A10001491B00000000000001 /* PBXContainerItemProxy */ = {
			isa = PBXContainerItemProxy;
			containerPortal = A10001471B00000000000001 /* Project object */;
			proxyType = 1;
			remoteGlobalIDString = A10001001B00000000000001;
			remoteInfo = BobCamAgent;
		};
/* End PBXContainerItemProxy section */

/* Begin PBXFileReference section */
		00BA7BF8F481AC8C761AD6EA /* Pods_BobCamAgent_BobCamAgentUITests.framework */ = {isa = PBXFileReference; explicitFileType = wrapper.framework; includeInIndex = 0; path = Pods_BobCamAgent_BobCamAgentUITests.framework; sourceTree = BUILT_PRODUCTS_DIR; };
		08DCBB6AB4C90F2116561556 /* VisionServiceProtocol.swift */ = {isa = PBXFileReference; includeInIndex = 1; lastKnownFileType = sourcecode.swift; path = VisionServiceProtocol.swift; sourceTree = "<group>"; };
		08E0C4817F1C307B7CA21154 /* Pods_BobCamAgent.framework */ = {isa = PBXFileReference; explicitFileType = wrapper.framework; includeInIndex = 0; path = Pods_BobCamAgent.framework; sourceTree = BUILT_PRODUCTS_DIR; };
		0B09AB5E79517936A591BB26 /* MealSession.swift */ = {isa = PBXFileReference; includeInIndex = 1; lastKnownFileType = sourcecode.swift; name = MealSession.swift; path = Models/MealSession.swift; sourceTree = "<group>"; };
		0FF04D9472B3DD7A86165FED /* BobCamAgentApp.swift */ = {isa = PBXFileReference; includeInIndex = 1; lastKnownFileType = sourcecode.swift; name = BobCamAgentApp.swift; path = App/BobCamAgentApp.swift; sourceTree = "<group>"; };
		116FAF47C05C665F67C4C336 /* FeedbackServiceProtocol.swift */ = {isa = PBXFileReference; includeInIndex = 1; lastKnownFileType = sourcecode.swift; name = FeedbackServiceProtocol.swift; path = Services/Protocols/FeedbackServiceProtocol.swift; sourceTree = "<group>"; };
		11AF0EC7CB9EEF1985F9B67B /* FeedbackState.swift */ = {isa = PBXFileReference; includeInIndex = 1; lastKnownFileType = sourcecode.swift; name = FeedbackState.swift; path = Models/FeedbackState.swift; sourceTree = "<group>"; };
		14D2799C541D3C6F7BB8B305 /* SettingsView.swift */ = {isa = PBXFileReference; includeInIndex = 1; lastKnownFileType = sourcecode.swift; name = SettingsView.swift; path = Views/SettingsView.swift; sourceTree = "<group>"; };
		15FA26E9E6B137ADC6B677E5 /* FeedbackService.swift */ = {isa = PBXFileReference; includeInIndex = 1; lastKnownFileType = sourcecode.swift; name = FeedbackService.swift; path = Services/FeedbackService.swift; sourceTree = "<group>"; };
		1762FAFDFE719E0B5C953382 /* VideoSelectionView.swift */ = {isa = PBXFileReference; includeInIndex = 1; lastKnownFileType = sourcecode.swift; name = VideoSelectionView.swift; path = Views/VideoSelectionView.swift; sourceTree = "<group>"; };
		232D0D25C80E1E49B9D4C0B6 /* Pods-BobCamAgentTests.debug.xcconfig */ = {isa = PBXFileReference; includeInIndex = 1; lastKnownFileType = text.xcconfig; name = "Pods-BobCamAgentTests.debug.xcconfig"; path = "../BobCam/Pods/Target Support Files/Pods-BobCamAgentTests/Pods-BobCamAgentTests.debug.xcconfig"; sourceTree = "<group>"; };
		2882004083791BF43A8317C4 /* TouchBlockingView.swift */ = {isa = PBXFileReference; includeInIndex = 1; lastKnownFileType = sourcecode.swift; name = TouchBlockingView.swift; path = Views/Components/TouchBlockingView.swift; sourceTree = "<group>"; };
		28C7A1CC96EBBFA42693A22A /* Pods-BobCamAgent-BobCamAgentUITests.debug.xcconfig */ = {isa = PBXFileReference; includeInIndex = 1; lastKnownFileType = text.xcconfig; name = "Pods-BobCamAgent-BobCamAgentUITests.debug.xcconfig"; path = "../BobCam/Pods/Target Support Files/Pods-BobCamAgent-BobCamAgentUITests/Pods-BobCamAgent-BobCamAgentUITests.debug.xcconfig"; sourceTree = "<group>"; };
		330BED35A79161F74D36BFA1 /* Pods-BobCamAgent.release.xcconfig */ = {isa = PBXFileReference; includeInIndex = 1; lastKnownFileType = text.xcconfig; name = "Pods-BobCamAgent.release.xcconfig"; path = "../BobCam/Pods/Target Support Files/Pods-BobCamAgent/Pods-BobCamAgent.release.xcconfig"; sourceTree = "<group>"; };
		37F9514D5E77F3735D3AD0B2 /* Constants.swift */ = {isa = PBXFileReference; includeInIndex = 1; lastKnownFileType = sourcecode.swift; name = Constants.swift; path = Utilities/Constants.swift; sourceTree = "<group>"; };
		38DE733FECFC024D9EDB1965 /* Pods-BobCamAgent.debug.xcconfig */ = {isa = PBXFileReference; includeInIndex = 1; lastKnownFileType = text.xcconfig; name = "Pods-BobCamAgent.debug.xcconfig"; path = "../BobCam/Pods/Target Support Files/Pods-BobCamAgent/Pods-BobCamAgent.debug.xcconfig"; sourceTree = "<group>"; };
		3CE01ACC69C47D3D14ECFB7C /* VideoServiceProtocol.swift */ = {isa = PBXFileReference; includeInIndex = 1; lastKnownFileType = sourcecode.swift; path = VideoServiceProtocol.swift; sourceTree = "<group>"; };
		3FA3573D486F06CE5CB6BBE6 /* FeedbackServiceProtocol.swift */ = {isa = PBXFileReference; includeInIndex = 1; lastKnownFileType = sourcecode.swift; path = FeedbackServiceProtocol.swift; sourceTree = "<group>"; };
		557FA8323F23913CE45262A1 /* NudgeOverlay.swift */ = {isa = PBXFileReference; includeInIndex = 1; lastKnownFileType = sourcecode.swift; name = NudgeOverlay.swift; path = Views/Components/NudgeOverlay.swift; sourceTree = "<group>"; };
		5C7F19EF88C6A955F7A11A32 /* Pods-BobCamAgent-BobCamAgentUITests.release.xcconfig */ = {isa = PBXFileReference; includeInIndex = 1; lastKnownFileType = text.xcconfig; name = "Pods-BobCamAgent-BobCamAgentUITests.release.xcconfig"; path = "../BobCam/Pods/Target Support Files/Pods-BobCamAgent-BobCamAgentUITests/Pods-BobCamAgent-BobCamAgentUITests.release.xcconfig"; sourceTree = "<group>"; };
		5D38E0DD4FBD61F761F96152 /* EatingState.swift */ = {isa = PBXFileReference; includeInIndex = 1; lastKnownFileType = sourcecode.swift; name = EatingState.swift; path = Models/EatingState.swift; sourceTree = "<group>"; };
		675E4C60E5423B680E5D2BEB /* Pods-BobCamAgentTests.release.xcconfig */ = {isa = PBXFileReference; includeInIndex = 1; lastKnownFileType = text.xcconfig; name = "Pods-BobCamAgentTests.release.xcconfig"; path = "../BobCam/Pods/Target Support Files/Pods-BobCamAgentTests/Pods-BobCamAgentTests.release.xcconfig"; sourceTree = "<group>"; };
		75433229224FAB2C79674824 /* Pods_BobCamAgentTests.framework */ = {isa = PBXFileReference; explicitFileType = wrapper.framework; includeInIndex = 0; path = Pods_BobCamAgentTests.framework; sourceTree = BUILT_PRODUCTS_DIR; };
		75DB657DEE8EB46F8DB3839A /* VisionService.swift */ = {isa = PBXFileReference; includeInIndex = 1; lastKnownFileType = sourcecode.swift; name = VisionService.swift; path = Services/VisionService.swift; sourceTree = "<group>"; };
		79440E11BC4B63D6AB6D4EBB /* CameraServiceProtocol.swift */ = {isa = PBXFileReference; includeInIndex = 1; lastKnownFileType = sourcecode.swift; path = CameraServiceProtocol.swift; sourceTree = "<group>"; };
		7AA9A529D2FE8D1280F30B14 /* YouTubePlayerView.swift */ = {isa = PBXFileReference; includeInIndex = 1; lastKnownFileType = sourcecode.swift; name = YouTubePlayerView.swift; path = Views/Components/YouTubePlayerView.swift; sourceTree = "<group>"; };
		8021F185EE406EC7EFB8B760 /* StatisticsView.swift */ = {isa = PBXFileReference; includeInIndex = 1; lastKnownFileType = sourcecode.swift; name = StatisticsView.swift; path = Views/StatisticsView.swift; sourceTree = "<group>"; };
		88FF6FC1380123467CDB4116 /* YouTubePlayerView.swift */ = {isa = PBXFileReference; includeInIndex = 1; lastKnownFileType = sourcecode.swift; path = YouTubePlayerView.swift; sourceTree = "<group>"; };
		8E4B90A588C49B546B8BE08F /* ParentControlBar.swift */ = {isa = PBXFileReference; includeInIndex = 1; lastKnownFileType = sourcecode.swift; path = ParentControlBar.swift; sourceTree = "<group>"; };
		9186BDB9F0610907087D9759 /* VideoPlayerView.swift */ = {isa = PBXFileReference; includeInIndex = 1; lastKnownFileType = sourcecode.swift; name = VideoPlayerView.swift; path = Views/Components/VideoPlayerView.swift; sourceTree = "<group>"; };
		95BF431A76B17DF13FE5B8CE /* CameraService.swift */ = {isa = PBXFileReference; includeInIndex = 1; lastKnownFileType = sourcecode.swift; name = CameraService.swift; path = Services/CameraService.swift; sourceTree = "<group>"; };
		A06263F6C159F90E3463C233 /* NudgeOverlay.swift */ = {isa = PBXFileReference; includeInIndex = 1; lastKnownFileType = sourcecode.swift; path = NudgeOverlay.swift; sourceTree = "<group>"; };
		A10001011B00000000000001 /* BobCamApp.swift */ = {isa = PBXFileReference; lastKnownFileType = sourcecode.swift; path = BobCamApp.swift; sourceTree = "<group>"; };
		A10001031B00000000000001 /* ContentView.swift */ = {isa = PBXFileReference; lastKnownFileType = sourcecode.swift; path = ContentView.swift; sourceTree = "<group>"; };
		A10001051B00000000000001 /* CameraService.swift */ = {isa = PBXFileReference; lastKnownFileType = sourcecode.swift; path = CameraService.swift; sourceTree = "<group>"; };
		A10001071B00000000000001 /* CameraView.swift */ = {isa = PBXFileReference; lastKnownFileType = sourcecode.swift; path = CameraView.swift; sourceTree = "<group>"; };
		A10001091B00000000000001 /* VisionService.swift */ = {isa = PBXFileReference; lastKnownFileType = sourcecode.swift; path = VisionService.swift; sourceTree = "<group>"; };
		A1000110B1B00000000000001 /* VideoService.swift */ = {isa = PBXFileReference; lastKnownFileType = sourcecode.swift; path = VideoService.swift; sourceTree = "<group>"; };
		A1000110D1B00000000000001 /* VideoSelectionService.swift */ = {isa = PBXFileReference; lastKnownFileType = sourcecode.swift; path = VideoSelectionService.swift; sourceTree = "<group>"; };
		A10001111B00000000000001 /* OnboardingView.swift */ = {isa = PBXFileReference; lastKnownFileType = sourcecode.swift; path = OnboardingView.swift; sourceTree = "<group>"; };
		A10001131B00000000000001 /* SettingsView.swift */ = {isa = PBXFileReference; lastKnownFileType = sourcecode.swift; path = SettingsView.swift; sourceTree = "<group>"; };
		A1000113B1B00000000000001 /* Phase2ValidationTest.swift */ = {isa = PBXFileReference; lastKnownFileType = sourcecode.swift; path = Phase2ValidationTest.swift; sourceTree = "<group>"; };
		A1000113D1B00000000000001 /* VideoSelectionIntegrationTest.swift */ = {isa = PBXFileReference; lastKnownFileType = sourcecode.swift; path = VideoSelectionIntegrationTest.swift; sourceTree = "<group>"; };
		A1000113F1B00000000000001 /* run_phase2_test.swift */ = {isa = PBXFileReference; lastKnownFileType = sourcecode.swift; path = run_phase2_test.swift; sourceTree = "<group>"; };
		A10001151B00000000000001 /* StatusBar.swift */ = {isa = PBXFileReference; lastKnownFileType = sourcecode.swift; path = StatusBar.swift; sourceTree = "<group>"; };
		A10001171B00000000000001 /* VideoPickerView.swift */ = {isa = PBXFileReference; lastKnownFileType = sourcecode.swift; path = VideoPickerView.swift; sourceTree = "<group>"; };
		A10001411B00000000000001 /* BobCamAgentTests.swift */ = {isa = PBXFileReference; lastKnownFileType = sourcecode.swift; path = BobCamAgentTests.swift; sourceTree = "<group>"; };
		A10001431B00000000000001 /* BobCamAgentUITests.swift */ = {isa = PBXFileReference; lastKnownFileType = sourcecode.swift; path = BobCamAgentUITests.swift; sourceTree = "<group>"; };
		A10001451B00000000000001 /* BobCamAgentUITestsLaunchTests.swift */ = {isa = PBXFileReference; lastKnownFileType = sourcecode.swift; path = BobCamAgentUITestsLaunchTests.swift; sourceTree = "<group>"; };
		A10001501B00000000000001 /* Info.plist */ = {isa = PBXFileReference; lastKnownFileType = text.plist.xml; path = Info.plist; sourceTree = "<group>"; };
		A10001511B00000000000001 /* BobCamAgentTests.xctest */ = {isa = PBXFileReference; explicitFileType = wrapper.cfbundle; includeInIndex = 0; path = BobCamAgentTests.xctest; sourceTree = BUILT_PRODUCTS_DIR; };
		A10001521B00000000000001 /* BobCamAgentUITests.xctest */ = {isa = PBXFileReference; explicitFileType = wrapper.cfbundle; includeInIndex = 0; path = BobCamAgentUITests.xctest; sourceTree = BUILT_PRODUCTS_DIR; };
		A10001B21B00000000000001 /* BobCamAgent.app */ = {isa = PBXFileReference; explicitFileType = wrapper.application; includeInIndex = 0; path = BobCamAgent.app; sourceTree = BUILT_PRODUCTS_DIR; };
		A1FB00011B00000000000001 /* FeedbackBannerView.swift */ = {isa = PBXFileReference; lastKnownFileType = sourcecode.swift; path = FeedbackBannerView.swift; sourceTree = "<group>"; };
		A70B7FBDD0AD8071AF80F4DE /* MainView.swift */ = {isa = PBXFileReference; includeInIndex = 1; lastKnownFileType = sourcecode.swift; name = MainView.swift; path = Views/MainView.swift; sourceTree = "<group>"; };
		B2A585712868EE53111E273B /* StatisticsService.swift */ = {isa = PBXFileReference; includeInIndex = 1; lastKnownFileType = sourcecode.swift; name = StatisticsService.swift; path = Services/StatisticsService.swift; sourceTree = "<group>"; };
		B355BE0620BB3F7C0650E4C0 /* PraiseOverlay.swift */ = {isa = PBXFileReference; includeInIndex = 1; lastKnownFileType = sourcecode.swift; path = PraiseOverlay.swift; sourceTree = "<group>"; };
		BF95F24ADB206AE9D56B2436 /* CameraServiceProtocol.swift */ = {isa = PBXFileReference; includeInIndex = 1; lastKnownFileType = sourcecode.swift; name = CameraServiceProtocol.swift; path = Services/Protocols/CameraServiceProtocol.swift; sourceTree = "<group>"; };
		C568E35AF0A488965400058B /* VideoServiceProtocol.swift */ = {isa = PBXFileReference; includeInIndex = 1; lastKnownFileType = sourcecode.swift; name = VideoServiceProtocol.swift; path = Services/Protocols/VideoServiceProtocol.swift; sourceTree = "<group>"; };
		CAD785D1C3F1D37184501684 /* VideoPlayerView.swift */ = {isa = PBXFileReference; includeInIndex = 1; lastKnownFileType = sourcecode.swift; path = VideoPlayerView.swift; sourceTree = "<group>"; };
		CC54892C750DE84815A6EFAB /* TouchBlockingView.swift */ = {isa = PBXFileReference; includeInIndex = 1; lastKnownFileType = sourcecode.swift; path = TouchBlockingView.swift; sourceTree = "<group>"; };
		CE06D92BB93867A22D3F7014 /* ParentControlBar.swift */ = {isa = PBXFileReference; includeInIndex = 1; lastKnownFileType = sourcecode.swift; name = ParentControlBar.swift; path = Views/Components/ParentControlBar.swift; sourceTree = "<group>"; };
		CE3897D9D451EBA802A107FC /* AppSettings.swift */ = {isa = PBXFileReference; includeInIndex = 1; lastKnownFileType = sourcecode.swift; name = AppSettings.swift; path = Models/AppSettings.swift; sourceTree = "<group>"; };
		D05ED1053C818FFFD2DC27B5 /* PraiseOverlay.swift */ = {isa = PBXFileReference; includeInIndex = 1; lastKnownFileType = sourcecode.swift; name = PraiseOverlay.swift; path = Views/Components/PraiseOverlay.swift; sourceTree = "<group>"; };
		DDD4A7DDDCF73888C571ABF2 /* VideoService.swift */ = {isa = PBXFileReference; includeInIndex = 1; lastKnownFileType = sourcecode.swift; name = VideoService.swift; path = Services/VideoService.swift; sourceTree = "<group>"; };
		F28F57709F7F00136ECEA1BB /* VisionServiceProtocol.swift */ = {isa = PBXFileReference; includeInIndex = 1; lastKnownFileType = sourcecode.swift; name = VisionServiceProtocol.swift; path = Services/Protocols/VisionServiceProtocol.swift; sourceTree = "<group>"; };
/* End PBXFileReference section */

/* Begin PBXFrameworksBuildPhase section */
		A10001F31B00000000000001 /* Frameworks */ = {
			isa = PBXFrameworksBuildPhase;
			buildActionMask = 2147483647;
			files = (
				288F32A3BFC84B570FC08A4F /* Pods_BobCamAgent.framework in Frameworks */,
			);
			runOnlyForDeploymentPostprocessing = 0;
		};
		A10001F41B00000000000001 /* Frameworks */ = {
			isa = PBXFrameworksBuildPhase;
			buildActionMask = 2147483647;
			files = (
				5055E1617C7308B79ADB7E31 /* Pods_BobCamAgentTests.framework in Frameworks */,
			);
			runOnlyForDeploymentPostprocessing = 0;
		};
		A10001F51B00000000000001 /* Frameworks */ = {
			isa = PBXFrameworksBuildPhase;
			buildActionMask = 2147483647;
			files = (
				35A7D251808D05D7C47F4DE0 /* Pods_BobCamAgent_BobCamAgentUITests.framework in Frameworks */,
			);
			runOnlyForDeploymentPostprocessing = 0;
		};
/* End PBXFrameworksBuildPhase section */

/* Begin PBXGroup section */
		16CB1F407859A8F37EA087FD /* Pods */ = {
			isa = PBXGroup;
			children = (
				38DE733FECFC024D9EDB1965 /* Pods-BobCamAgent.debug.xcconfig */,
				330BED35A79161F74D36BFA1 /* Pods-BobCamAgent.release.xcconfig */,
				28C7A1CC96EBBFA42693A22A /* Pods-BobCamAgent-BobCamAgentUITests.debug.xcconfig */,
				5C7F19EF88C6A955F7A11A32 /* Pods-BobCamAgent-BobCamAgentUITests.release.xcconfig */,
				232D0D25C80E1E49B9D4C0B6 /* Pods-BobCamAgentTests.debug.xcconfig */,
				675E4C60E5423B680E5D2BEB /* Pods-BobCamAgentTests.release.xcconfig */,
			);
			name = Pods;
			path = ../Pods;
			sourceTree = "<group>";
		};
		3B10D0A80753FECD0CEC0369 /* Utilities */ = {
			isa = PBXGroup;
			children = (
				37F9514D5E77F3735D3AD0B2 /* Constants.swift */,
			);
			name = Utilities;
			sourceTree = "<group>";
		};
		6204A509B83919B4FB6FEFD9 /* App */ = {
			isa = PBXGroup;
			children = (
				0FF04D9472B3DD7A86165FED /* BobCamAgentApp.swift */,
			);
			name = App;
			sourceTree = "<group>";
		};
		67ED9BCBE501EE78D206D255 /* Services */ = {
			isa = PBXGroup;
			children = (
				A9662E1D4B829F767B90E8A2 /* Protocols */,
				95BF431A76B17DF13FE5B8CE /* CameraService.swift */,
				15FA26E9E6B137ADC6B677E5 /* FeedbackService.swift */,
				B2A585712868EE53111E273B /* StatisticsService.swift */,
				DDD4A7DDDCF73888C571ABF2 /* VideoService.swift */,
				75DB657DEE8EB46F8DB3839A /* VisionService.swift */,
			);
			name = Services;
			sourceTree = "<group>";
		};
		6984A82221D8812B07A848B9 /* Views */ = {
			isa = PBXGroup;
			children = (
				8D635537F43EDCBBC2015D61 /* Components */,
				A70B7FBDD0AD8071AF80F4DE /* MainView.swift */,
				14D2799C541D3C6F7BB8B305 /* SettingsView.swift */,
				8021F185EE406EC7EFB8B760 /* StatisticsView.swift */,
				1762FAFDFE719E0B5C953382 /* VideoSelectionView.swift */,
			);
			name = Views;
			sourceTree = "<group>";
		};
		8D635537F43EDCBBC2015D61 /* Components */ = {
			isa = PBXGroup;
			children = (
				557FA8323F23913CE45262A1 /* NudgeOverlay.swift */,
				CE06D92BB93867A22D3F7014 /* ParentControlBar.swift */,
				D05ED1053C818FFFD2DC27B5 /* PraiseOverlay.swift */,
				2882004083791BF43A8317C4 /* TouchBlockingView.swift */,
				9186BDB9F0610907087D9759 /* VideoPlayerView.swift */,
				7AA9A529D2FE8D1280F30B14 /* YouTubePlayerView.swift */,
			);
			name = Components;
			sourceTree = "<group>";
		};
		A1000115A1B00000000000001 /* Products */ = {
			isa = PBXGroup;
			children = (
				A10001B21B00000000000001 /* BobCamAgent.app */,
				A10001511B00000000000001 /* BobCamAgentTests.xctest */,
				A10001521B00000000000001 /* BobCamAgentUITests.xctest */,
			);
			name = Products;
			sourceTree = "<group>";
		};
		A10001561B00000000000001 = {
			isa = PBXGroup;
			children = (
				A10001571B00000000000001 /* BobCamAgent */,
				A10001581B00000000000001 /* BobCamAgentTests */,
				A10001591B00000000000001 /* BobCamAgentUITests */,
				A1000115A1B00000000000001 /* Products */,
				16CB1F407859A8F37EA087FD /* Pods */,
				A4EE8A1F9DA291E467D935CA /* Frameworks */,
			);
			sourceTree = "<group>";
		};
		A10001571B00000000000001 /* BobCamAgent */ = {
			isa = PBXGroup;
			children = (
				A10001011B00000000000001 /* BobCamApp.swift */,
				A10001031B00000000000001 /* ContentView.swift */,
				A10001051B00000000000001 /* CameraService.swift */,
				A10001071B00000000000001 /* CameraView.swift */,
				A10001091B00000000000001 /* VisionService.swift */,
				A1000110B1B00000000000001 /* VideoService.swift */,
				A1000110D1B00000000000001 /* VideoSelectionService.swift */,
				A10001111B00000000000001 /* OnboardingView.swift */,
				A10001131B00000000000001 /* SettingsView.swift */,
				A1FB00011B00000000000001 /* FeedbackBannerView.swift */,
				A10001151B00000000000001 /* StatusBar.swift */,
				A10001171B00000000000001 /* VideoPickerView.swift */,
				A1000113B1B00000000000001 /* Phase2ValidationTest.swift */,
				A1000113D1B00000000000001 /* VideoSelectionIntegrationTest.swift */,
				A1000113F1B00000000000001 /* run_phase2_test.swift */,
				A10001501B00000000000001 /* Info.plist */,
				6204A509B83919B4FB6FEFD9 /* App */,
				6984A82221D8812B07A848B9 /* Views */,
				67ED9BCBE501EE78D206D255 /* Services */,
				CB357A433A87D8E6B930F901 /* Models */,
				3B10D0A80753FECD0CEC0369 /* Utilities */,
			);
			path = BobCamAgent;
			sourceTree = "<group>";
		};
		A10001581B00000000000001 /* BobCamAgentTests */ = {
			isa = PBXGroup;
			children = (
				A10001411B00000000000001 /* BobCamAgentTests.swift */,
			);
			path = BobCamAgentTests;
			sourceTree = "<group>";
		};
		A10001591B00000000000001 /* BobCamAgentUITests */ = {
			isa = PBXGroup;
			children = (
				A10001431B00000000000001 /* BobCamAgentUITests.swift */,
				A10001451B00000000000001 /* BobCamAgentUITestsLaunchTests.swift */,
			);
			path = BobCamAgentUITests;
			sourceTree = "<group>";
		};
		A4EE8A1F9DA291E467D935CA /* Frameworks */ = {
			isa = PBXGroup;
			children = (
				08E0C4817F1C307B7CA21154 /* Pods_BobCamAgent.framework */,
				00BA7BF8F481AC8C761AD6EA /* Pods_BobCamAgent_BobCamAgentUITests.framework */,
				75433229224FAB2C79674824 /* Pods_BobCamAgentTests.framework */,
			);
			name = Frameworks;
			sourceTree = "<group>";
		};
		A9662E1D4B829F767B90E8A2 /* Protocols */ = {
			isa = PBXGroup;
			children = (
				BF95F24ADB206AE9D56B2436 /* CameraServiceProtocol.swift */,
				116FAF47C05C665F67C4C336 /* FeedbackServiceProtocol.swift */,
				C568E35AF0A488965400058B /* VideoServiceProtocol.swift */,
				F28F57709F7F00136ECEA1BB /* VisionServiceProtocol.swift */,
			);
			name = Protocols;
			sourceTree = "<group>";
		};
		CB357A433A87D8E6B930F901 /* Models */ = {
			isa = PBXGroup;
			children = (
				CE3897D9D451EBA802A107FC /* AppSettings.swift */,
				5D38E0DD4FBD61F761F96152 /* EatingState.swift */,
				11AF0EC7CB9EEF1985F9B67B /* FeedbackState.swift */,
				0B09AB5E79517936A591BB26 /* MealSession.swift */,
			);
			name = Models;
			sourceTree = "<group>";
		};
/* End PBXGroup section */

/* Begin PBXNativeTarget section */
		A10001001B00000000000001 /* BobCamAgent */ = {
			isa = PBXNativeTarget;
			buildConfigurationList = A10001002B00000000000001 /* Build configuration list for PBXNativeTarget "BobCamAgent" */;
			buildPhases = (
				15EAECB89F70FD456E8DD2B0 /* [CP] Check Pods Manifest.lock */,
				A10001531B00000000000001 /* Sources */,
				A10001F31B00000000000001 /* Frameworks */,
				A10001601B00000000000001 /* Resources */,
			);
			buildRules = (
			);
			dependencies = (
			);
			name = BobCamAgent;
			productName = BobCamAgent;
			productReference = A10001B21B00000000000001 /* BobCamAgent.app */;
			productType = "com.apple.product-type.application";
		};
		A10001611B00000000000001 /* BobCamAgentTests */ = {
			isa = PBXNativeTarget;
			buildConfigurationList = A10001621B00000000000001 /* Build configuration list for PBXNativeTarget "BobCamAgentTests" */;
			buildPhases = (
				5536BE546A6245714E71A841 /* [CP] Check Pods Manifest.lock */,
				A10001541B00000000000001 /* Sources */,
				A10001F41B00000000000001 /* Frameworks */,
				A10001631B00000000000001 /* Resources */,
			);
			buildRules = (
			);
			dependencies = (
				A10001641B00000000000001 /* PBXTargetDependency */,
			);
			name = BobCamAgentTests;
			productName = BobCamAgentTests;
			productReference = A10001511B00000000000001 /* BobCamAgentTests.xctest */;
			productType = "com.apple.product-type.bundle.unit-test";
		};
		A10001651B00000000000001 /* BobCamAgentUITests */ = {
			isa = PBXNativeTarget;
			buildConfigurationList = A10001661B00000000000001 /* Build configuration list for PBXNativeTarget "BobCamAgentUITests" */;
			buildPhases = (
				A3048671DFF7E9F0330AAFE6 /* [CP] Check Pods Manifest.lock */,
				A10001551B00000000000001 /* Sources */,
				A10001F51B00000000000001 /* Frameworks */,
				A10001671B00000000000001 /* Resources */,
			);
			buildRules = (
			);
			dependencies = (
				A10001681B00000000000001 /* PBXTargetDependency */,
			);
			name = BobCamAgentUITests;
			productName = BobCamAgentUITests;
			productReference = A10001521B00000000000001 /* BobCamAgentUITests.xctest */;
			productType = "com.apple.product-type.bundle.ui-testing";
		};
/* End PBXNativeTarget section */

/* Begin PBXProject section */
		A10001471B00000000000001 /* Project object */ = {
			isa = PBXProject;
			attributes = {
				BuildIndependentTargetsInParallel = 1;
				LastSwiftUpdateCheck = 1500;
				LastUpgradeCheck = 1500;
				TargetAttributes = {
					A10001611B00000000000001 = {
						CreatedOnToolsVersion = 15.0;
						TestTargetID = A10001481B00000000000001;
					};
					A10001651B00000000000001 = {
						CreatedOnToolsVersion = 15.0;
						TestTargetID = A10001481B00000000000001;
					};
				};
			};
			buildConfigurationList = A10001691B00000000000001 /* Build configuration list for PBXProject "BobCamAgent" */;
			compatibilityVersion = "Xcode 14.0";
			developmentRegion = en;
			hasScannedForEncodings = 0;
			knownRegions = (
				en,
				Base,
				ko,
			);
			mainGroup = A10001561B00000000000001;
			productRefGroup = A1000115A1B00000000000001 /* Products */;
			projectDirPath = "";
			projectRoot = "";
			targets = (
				A10001001B00000000000001 /* BobCamAgent */,
				A10001611B00000000000001 /* BobCamAgentTests */,
				A10001651B00000000000001 /* BobCamAgentUITests */,
			);
		};
/* End PBXProject section */

/* Begin PBXResourcesBuildPhase section */
		A10001601B00000000000001 /* Resources */ = {
			isa = PBXResourcesBuildPhase;
			buildActionMask = 2147483647;
			files = (
			);
			runOnlyForDeploymentPostprocessing = 0;
		};
		A10001631B00000000000001 /* Resources */ = {
			isa = PBXResourcesBuildPhase;
			buildActionMask = 2147483647;
			files = (
			);
			runOnlyForDeploymentPostprocessing = 0;
		};
		A10001671B00000000000001 /* Resources */ = {
			isa = PBXResourcesBuildPhase;
			buildActionMask = 2147483647;
			files = (
			);
			runOnlyForDeploymentPostprocessing = 0;
		};
/* End PBXResourcesBuildPhase section */

/* Begin PBXShellScriptBuildPhase section */
		15EAECB89F70FD456E8DD2B0 /* [CP] Check Pods Manifest.lock */ = {
			isa = PBXShellScriptBuildPhase;
			buildActionMask = 2147483647;
			files = (
			);
			inputFileListPaths = (
			);
			inputPaths = (
				"${PODS_PODFILE_DIR_PATH}/Podfile.lock",
				"${PODS_ROOT}/Manifest.lock",
			);
			name = "[CP] Check Pods Manifest.lock";
			outputFileListPaths = (
			);
			outputPaths = (
				"$(DERIVED_FILE_DIR)/Pods-BobCamAgent-checkManifestLockResult.txt",
			);
			runOnlyForDeploymentPostprocessing = 0;
			shellPath = /bin/sh;
			shellScript = "diff \"${PODS_PODFILE_DIR_PATH}/Podfile.lock\" \"${PODS_ROOT}/Manifest.lock\" > /dev/null\nif [ $? != 0 ] ; then\n    # print error to STDERR\n    echo \"error: The sandbox is not in sync with the Podfile.lock. Run 'pod install' or update your CocoaPods installation.\" >&2\n    exit 1\nfi\n# This output is used by Xcode 'outputs' to avoid re-running this script phase.\necho \"SUCCESS\" > \"${SCRIPT_OUTPUT_FILE_0}\"\n";
			showEnvVarsInLog = 0;
		};
		5536BE546A6245714E71A841 /* [CP] Check Pods Manifest.lock */ = {
			isa = PBXShellScriptBuildPhase;
			buildActionMask = 2147483647;
			files = (
			);
			inputFileListPaths = (
			);
			inputPaths = (
				"${PODS_PODFILE_DIR_PATH}/Podfile.lock",
				"${PODS_ROOT}/Manifest.lock",
			);
			name = "[CP] Check Pods Manifest.lock";
			outputFileListPaths = (
			);
			outputPaths = (
				"$(DERIVED_FILE_DIR)/Pods-BobCamAgentTests-checkManifestLockResult.txt",
			);
			runOnlyForDeploymentPostprocessing = 0;
			shellPath = /bin/sh;
			shellScript = "diff \"${PODS_PODFILE_DIR_PATH}/Podfile.lock\" \"${PODS_ROOT}/Manifest.lock\" > /dev/null\nif [ $? != 0 ] ; then\n    # print error to STDERR\n    echo \"error: The sandbox is not in sync with the Podfile.lock. Run 'pod install' or update your CocoaPods installation.\" >&2\n    exit 1\nfi\n# This output is used by Xcode 'outputs' to avoid re-running this script phase.\necho \"SUCCESS\" > \"${SCRIPT_OUTPUT_FILE_0}\"\n";
			showEnvVarsInLog = 0;
		};
		A3048671DFF7E9F0330AAFE6 /* [CP] Check Pods Manifest.lock */ = {
			isa = PBXShellScriptBuildPhase;
			buildActionMask = 2147483647;
			files = (
			);
			inputFileListPaths = (
			);
			inputPaths = (
				"${PODS_PODFILE_DIR_PATH}/Podfile.lock",
				"${PODS_ROOT}/Manifest.lock",
			);
			name = "[CP] Check Pods Manifest.lock";
			outputFileListPaths = (
			);
			outputPaths = (
				"$(DERIVED_FILE_DIR)/Pods-BobCamAgent-BobCamAgentUITests-checkManifestLockResult.txt",
			);
			runOnlyForDeploymentPostprocessing = 0;
			shellPath = /bin/sh;
			shellScript = "diff \"${PODS_PODFILE_DIR_PATH}/Podfile.lock\" \"${PODS_ROOT}/Manifest.lock\" > /dev/null\nif [ $? != 0 ] ; then\n    # print error to STDERR\n    echo \"error: The sandbox is not in sync with the Podfile.lock. Run 'pod install' or update your CocoaPods installation.\" >&2\n    exit 1\nfi\n# This output is used by Xcode 'outputs' to avoid re-running this script phase.\necho \"SUCCESS\" > \"${SCRIPT_OUTPUT_FILE_0}\"\n";
			showEnvVarsInLog = 0;
		};
/* End PBXShellScriptBuildPhase section */

/* Begin PBXSourcesBuildPhase section */
		A10001531B00000000000001 /* Sources */ = {
			isa = PBXSourcesBuildPhase;
			buildActionMask = 2147483647;
			files = (
				F009EAE03E363835123DAE28 /* BobCamAgentApp.swift in Sources */,
				8115467F624081A717DE51CF /* MainView.swift in Sources */,
				48F3982DEE3D5897ADB499B7 /* SettingsView.swift in Sources */,
				2626834281CF6E6732838545 /* StatisticsView.swift in Sources */,
				5286CD5D0AF0A6D16A6BA745 /* VideoSelectionView.swift in Sources */,
				E4BE6CB1FA0F54B2AB5EBA66 /* NudgeOverlay.swift in Sources */,
				FAD28C1C705665AAA4B7E8D2 /* ParentControlBar.swift in Sources */,
				D9DDD068926837666FE7F53F /* PraiseOverlay.swift in Sources */,
				5E9CCFAA2E0E3B02E2FF7A23 /* TouchBlockingView.swift in Sources */,
				5531D811C8D5F1FE1591FD6B /* VideoPlayerView.swift in Sources */,
				E73E7E0C35109A703B8D6A51 /* YouTubePlayerView.swift in Sources */,
				C4353B8568C7A93B5CC7A32B /* CameraService.swift in Sources */,
				A6F7D7B8409BE2D9ADB8F4DF /* FeedbackService.swift in Sources */,
				933AB385F3D9798C923C5E21 /* StatisticsService.swift in Sources */,
				6854DA732DEF7F91CDDAC87A /* VideoService.swift in Sources */,
				BC2555B0F5810685D68B3710 /* VisionService.swift in Sources */,
				E51935D122C9D0608F0481E8 /* CameraServiceProtocol.swift in Sources */,
				924326F769F6EF4A7741789F /* FeedbackServiceProtocol.swift in Sources */,
				57C2C895FAE95101DFDE6049 /* VideoServiceProtocol.swift in Sources */,
				F90F7EE75D6FADDCC2ED3B39 /* VisionServiceProtocol.swift in Sources */,
				25591EDAF351DE9249232003 /* AppSettings.swift in Sources */,
				F706ED244C15CEBDDFD90BB7 /* EatingState.swift in Sources */,
				AB499353D420B5BB5F8F1AE2 /* FeedbackState.swift in Sources */,
				F5C9711DC852D877FAE336ED /* MealSession.swift in Sources */,
				7ED7914E5CC31BDBA5EBFCEF /* Constants.swift in Sources */,
			);
			runOnlyForDeploymentPostprocessing = 0;
		};
		A10001541B00000000000001 /* Sources */ = {
			isa = PBXSourcesBuildPhase;
			buildActionMask = 2147483647;
			files = (
				A10001401B00000000000001 /* BobCamAgentTests.swift in Sources */,
			);
			runOnlyForDeploymentPostprocessing = 0;
		};
		A10001551B00000000000001 /* Sources */ = {
			isa = PBXSourcesBuildPhase;
			buildActionMask = 2147483647;
			files = (
				A10001441B00000000000001 /* BobCamAgentUITestsLaunchTests.swift in Sources */,
				A10001421B00000000000001 /* BobCamAgentUITests.swift in Sources */,
			);
			runOnlyForDeploymentPostprocessing = 0;
		};
/* End PBXSourcesBuildPhase section */

/* Begin PBXTargetDependency section */
		A10001641B00000000000001 /* PBXTargetDependency */ = {
			isa = PBXTargetDependency;
			target = A10001001B00000000000001 /* BobCamAgent */;
			targetProxy = A10001461B00000000000001 /* PBXContainerItemProxy */;
		};
		A10001681B00000000000001 /* PBXTargetDependency */ = {
			isa = PBXTargetDependency;
			target = A10001001B00000000000001 /* BobCamAgent */;
			targetProxy = A10001491B00000000000001 /* PBXContainerItemProxy */;
		};
/* End PBXTargetDependency section */

/* Begin XCBuildConfiguration section */
		A1000116A1B00000000000001 /* Debug */ = {
			isa = XCBuildConfiguration;
			buildSettings = {
				ALWAYS_SEARCH_USER_PATHS = NO;
				ASSETCATALOG_COMPILER_GENERATE_SWIFT_ASSET_SYMBOL_EXTENSIONS = YES;
				CLANG_ANALYZER_NONNULL = YES;
				CLANG_ANALYZER_NUMBER_OBJECT_CONVERSION = YES_AGGRESSIVE;
				CLANG_CXX_LANGUAGE_STANDARD = "gnu++20";
				CLANG_ENABLE_MODULES = YES;
				CLANG_ENABLE_OBJC_ARC = YES;
				CLANG_ENABLE_OBJC_WEAK = YES;
				CLANG_WARN_BLOCK_CAPTURE_AUTORELEASING = YES;
				CLANG_WARN_BOOL_CONVERSION = YES;
				CLANG_WARN_COMMA = YES;
				CLANG_WARN_CONSTANT_CONVERSION = YES;
				CLANG_WARN_DEPRECATED_OBJC_IMPLEMENTATIONS = YES;
				CLANG_WARN_DIRECT_OBJC_ISA_USAGE = YES_ERROR;
				CLANG_WARN_DOCUMENTATION_COMMENTS = YES;
				CLANG_WARN_EMPTY_BODY = YES;
				CLANG_WARN_ENUM_CONVERSION = YES;
				CLANG_WARN_INFINITE_RECURSION = YES;
				CLANG_WARN_INT_CONVERSION = YES;
				CLANG_WARN_NON_LITERAL_NULL_CONVERSION = YES;
				CLANG_WARN_OBJC_IMPLICIT_RETAIN_SELF = YES;
				CLANG_WARN_OBJC_LITERAL_CONVERSION = YES;
				CLANG_WARN_OBJC_ROOT_CLASS = YES_ERROR;
				CLANG_WARN_QUOTED_INCLUDE_IN_FRAMEWORK_HEADER = YES;
				CLANG_WARN_RANGE_LOOP_ANALYSIS = YES;
				CLANG_WARN_STRICT_PROTOTYPES = YES;
				CLANG_WARN_SUSPICIOUS_MOVE = YES;
				CLANG_WARN_UNGUARDED_AVAILABILITY = YES_AGGRESSIVE;
				CLANG_WARN_UNREACHABLE_CODE = YES;
				CLANG_WARN__DUPLICATE_METHOD_MATCH = YES;
				COPY_PHASE_STRIP = NO;
				DEBUG_INFORMATION_FORMAT = dwarf;
				ENABLE_STRICT_OBJC_MSGSEND = YES;
				ENABLE_TESTABILITY = YES;
				ENABLE_USER_SCRIPT_SANDBOXING = YES;
				GCC_C_LANGUAGE_STANDARD = gnu17;
				GCC_DYNAMIC_NO_PIC = NO;
				GCC_NO_COMMON_BLOCKS = YES;
				GCC_OPTIMIZATION_LEVEL = 0;
				GCC_PREPROCESSOR_DEFINITIONS = (
					"DEBUG=1",
					"$(inherited)",
				);
				GCC_WARN_64_TO_32_BIT_CONVERSION = YES;
				GCC_WARN_ABOUT_RETURN_TYPE = YES_ERROR;
				GCC_WARN_UNDECLARED_SELECTOR = YES;
				GCC_WARN_UNINITIALIZED_AUTOS = YES_AGGRESSIVE;
				GCC_WARN_UNUSED_FUNCTION = YES;
				GCC_WARN_UNUSED_VARIABLE = YES;
				IPHONEOS_DEPLOYMENT_TARGET = 15.0;
				LOCALIZATION_PREFERS_STRING_CATALOGS = YES;
				MTL_ENABLE_DEBUG_INFO = INCLUDE_SOURCE;
				MTL_FAST_MATH = YES;
				ONLY_ACTIVE_ARCH = YES;
				SDKROOT = iphoneos;
				SWIFT_ACTIVE_COMPILATION_CONDITIONS = "DEBUG $(inherited)";
				SWIFT_OPTIMIZATION_LEVEL = "-Onone";
			};
			name = Debug;
		};
		A1000116B1B00000000000001 /* Release */ = {
			isa = XCBuildConfiguration;
			buildSettings = {
				ALWAYS_SEARCH_USER_PATHS = NO;
				ASSETCATALOG_COMPILER_GENERATE_SWIFT_ASSET_SYMBOL_EXTENSIONS = YES;
				CLANG_ANALYZER_NONNULL = YES;
				CLANG_ANALYZER_NUMBER_OBJECT_CONVERSION = YES_AGGRESSIVE;
				CLANG_CXX_LANGUAGE_STANDARD = "gnu++20";
				CLANG_ENABLE_MODULES = YES;
				CLANG_ENABLE_OBJC_ARC = YES;
				CLANG_ENABLE_OBJC_WEAK = YES;
				CLANG_WARN_BLOCK_CAPTURE_AUTORELEASING = YES;
				CLANG_WARN_BOOL_CONVERSION = YES;
				CLANG_WARN_COMMA = YES;
				CLANG_WARN_CONSTANT_CONVERSION = YES;
				CLANG_WARN_DEPRECATED_OBJC_IMPLEMENTATIONS = YES;
				CLANG_WARN_DIRECT_OBJC_ISA_USAGE = YES_ERROR;
				CLANG_WARN_DOCUMENTATION_COMMENTS = YES;
				CLANG_WARN_EMPTY_BODY = YES;
				CLANG_WARN_ENUM_CONVERSION = YES;
				CLANG_WARN_INFINITE_RECURSION = YES;
				CLANG_WARN_INT_CONVERSION = YES;
				CLANG_WARN_NON_LITERAL_NULL_CONVERSION = YES;
				CLANG_WARN_OBJC_IMPLICIT_RETAIN_SELF = YES;
				CLANG_WARN_OBJC_LITERAL_CONVERSION = YES;
				CLANG_WARN_OBJC_ROOT_CLASS = YES_ERROR;
				CLANG_WARN_QUOTED_INCLUDE_IN_FRAMEWORK_HEADER = YES;
				CLANG_WARN_RANGE_LOOP_ANALYSIS = YES;
				CLANG_WARN_STRICT_PROTOTYPES = YES;
				CLANG_WARN_SUSPICIOUS_MOVE = YES;
				CLANG_WARN_UNGUARDED_AVAILABILITY = YES_AGGRESSIVE;
				CLANG_WARN_UNREACHABLE_CODE = YES;
				CLANG_WARN__DUPLICATE_METHOD_MATCH = YES;
				COPY_PHASE_STRIP = NO;
				DEBUG_INFORMATION_FORMAT = "dwarf-with-dsym";
				ENABLE_NS_ASSERTIONS = NO;
				ENABLE_STRICT_OBJC_MSGSEND = YES;
				ENABLE_USER_SCRIPT_SANDBOXING = YES;
				GCC_C_LANGUAGE_STANDARD = gnu17;
				GCC_NO_COMMON_BLOCKS = YES;
				GCC_WARN_64_TO_32_BIT_CONVERSION = YES;
				GCC_WARN_ABOUT_RETURN_TYPE = YES_ERROR;
				GCC_WARN_UNDECLARED_SELECTOR = YES;
				GCC_WARN_UNINITIALIZED_AUTOS = YES_AGGRESSIVE;
				GCC_WARN_UNUSED_FUNCTION = YES;
				GCC_WARN_UNUSED_VARIABLE = YES;
				IPHONEOS_DEPLOYMENT_TARGET = 15.0;
				LOCALIZATION_PREFERS_STRING_CATALOGS = YES;
				MTL_ENABLE_DEBUG_INFO = NO;
				MTL_FAST_MATH = YES;
				SDKROOT = iphoneos;
				SWIFT_COMPILATION_MODE = wholemodule;
				VALIDATE_PRODUCT = YES;
			};
			name = Release;
		};
		A1000116C1B00000000000001 /* Debug */ = {
			isa = XCBuildConfiguration;
			baseConfigurationReference = 38DE733FECFC024D9EDB1965 /* Pods-BobCamAgent.debug.xcconfig */;
			buildSettings = {
				ASSETCATALOG_COMPILER_APPICON_NAME = AppIcon;
				ASSETCATALOG_COMPILER_GLOBAL_ACCENT_COLOR_NAME = AccentColor;
				CODE_SIGN_STYLE = Automatic;
				CURRENT_PROJECT_VERSION = 1;
				DEVELOPMENT_TEAM = DF494HR686;
				ENABLE_PREVIEWS = YES;
				GENERATE_INFOPLIST_FILE = NO;
				INFOPLIST_FILE = BobCamAgent/Info.plist;
				INFOPLIST_KEY_NSCameraUsageDescription = "BobCam needs camera access to monitor eating behavior and control video playback automatically.";
				INFOPLIST_KEY_UIApplicationSceneManifest_Generation = YES;
				INFOPLIST_KEY_UIApplicationSupportsIndirectInputEvents = YES;
				INFOPLIST_KEY_UILaunchScreen_Generation = YES;
				INFOPLIST_KEY_UISupportedInterfaceOrientations_iPad = "UIInterfaceOrientationPortrait UIInterfaceOrientationPortraitUpsideDown UIInterfaceOrientationLandscapeLeft UIInterfaceOrientationLandscapeRight";
				INFOPLIST_KEY_UISupportedInterfaceOrientations_iPhone = "UIInterfaceOrientationPortrait UIInterfaceOrientationLandscapeLeft UIInterfaceOrientationLandscapeRight";
				LD_RUNPATH_SEARCH_PATHS = (
					"$(inherited)",
					"@executable_path/Frameworks",
				);
				MARKETING_VERSION = 1.0;
				PRODUCT_BUNDLE_IDENTIFIER = com.bobcam.ios.app;
				PRODUCT_NAME = "$(TARGET_NAME)";
				SWIFT_EMIT_LOC_STRINGS = YES;
				SWIFT_VERSION = 5.0;
				TARGETED_DEVICE_FAMILY = "1,2";
			};
			name = Debug;
		};
		A1000116D1B00000000000001 /* Release */ = {
			isa = XCBuildConfiguration;
			baseConfigurationReference = 330BED35A79161F74D36BFA1 /* Pods-BobCamAgent.release.xcconfig */;
			buildSettings = {
				ASSETCATALOG_COMPILER_APPICON_NAME = AppIcon;
				ASSETCATALOG_COMPILER_GLOBAL_ACCENT_COLOR_NAME = AccentColor;
				CODE_SIGN_STYLE = Automatic;
				CURRENT_PROJECT_VERSION = 1;
				DEVELOPMENT_TEAM = DF494HR686;
				ENABLE_PREVIEWS = YES;
				GENERATE_INFOPLIST_FILE = NO;
				INFOPLIST_FILE = BobCamAgent/Info.plist;
				INFOPLIST_KEY_NSCameraUsageDescription = "BobCam needs camera access to monitor eating behavior and control video playbook automatically.";
				INFOPLIST_KEY_UIApplicationSceneManifest_Generation = YES;
				INFOPLIST_KEY_UIApplicationSupportsIndirectInputEvents = YES;
				INFOPLIST_KEY_UILaunchScreen_Generation = YES;
				INFOPLIST_KEY_UISupportedInterfaceOrientations_iPad = "UIInterfaceOrientationPortrait UIInterfaceOrientationPortraitUpsideDown UIInterfaceOrientationLandscapeLeft UIInterfaceOrientationLandscapeRight";
				INFOPLIST_KEY_UISupportedInterfaceOrientations_iPhone = "UIInterfaceOrientationPortrait UIInterfaceOrientationLandscapeLeft UIInterfaceOrientationLandscapeRight";
				LD_RUNPATH_SEARCH_PATHS = (
					"$(inherited)",
					"@executable_path/Frameworks",
				);
				MARKETING_VERSION = 1.0;
				PRODUCT_BUNDLE_IDENTIFIER = com.bobcam.ios.app;
				PRODUCT_NAME = "$(TARGET_NAME)";
				SWIFT_EMIT_LOC_STRINGS = YES;
				SWIFT_VERSION = 5.0;
				TARGETED_DEVICE_FAMILY = "1,2";
			};
			name = Release;
		};
		A1000116E1B00000000000001 /* Debug */ = {
			isa = XCBuildConfiguration;
			baseConfigurationReference = 232D0D25C80E1E49B9D4C0B6 /* Pods-BobCamAgentTests.debug.xcconfig */;
			buildSettings = {
				ALWAYS_EMBED_SWIFT_STANDARD_LIBRARIES = YES;
				BUNDLE_LOADER = "$(TEST_HOST)";
				CODE_SIGN_STYLE = Automatic;
				CURRENT_PROJECT_VERSION = 1;
				DEVELOPMENT_TEAM = "";
				GENERATE_INFOPLIST_FILE = YES;
				IPHONEOS_DEPLOYMENT_TARGET = 15.0;
				MARKETING_VERSION = 1.0;
				PRODUCT_BUNDLE_IDENTIFIER = com.bobcam.ios.app.BobCamAgentTests;
				PRODUCT_NAME = "$(TARGET_NAME)";
				SWIFT_EMIT_LOC_STRINGS = NO;
				SWIFT_VERSION = 5.0;
				TARGETED_DEVICE_FAMILY = "1,2";
				TEST_HOST = "$(BUILT_PRODUCTS_DIR)/BobCamAgent.app/$(BUNDLE_EXECUTABLE_FOLDER_PATH)/BobCamAgent";
			};
			name = Debug;
		};
		A1000116F1B00000000000001 /* Release */ = {
			isa = XCBuildConfiguration;
			baseConfigurationReference = 675E4C60E5423B680E5D2BEB /* Pods-BobCamAgentTests.release.xcconfig */;
			buildSettings = {
				ALWAYS_EMBED_SWIFT_STANDARD_LIBRARIES = YES;
				BUNDLE_LOADER = "$(TEST_HOST)";
				CODE_SIGN_STYLE = Automatic;
				CURRENT_PROJECT_VERSION = 1;
				DEVELOPMENT_TEAM = "";
				GENERATE_INFOPLIST_FILE = YES;
				IPHONEOS_DEPLOYMENT_TARGET = 15.0;
				MARKETING_VERSION = 1.0;
				PRODUCT_BUNDLE_IDENTIFIER = com.bobcam.ios.app.BobCamAgentTests;
				PRODUCT_NAME = "$(TARGET_NAME)";
				SWIFT_EMIT_LOC_STRINGS = NO;
				SWIFT_VERSION = 5.0;
				TARGETED_DEVICE_FAMILY = "1,2";
				TEST_HOST = "$(BUILT_PRODUCTS_DIR)/BobCamAgent.app/$(BUNDLE_EXECUTABLE_FOLDER_PATH)/BobCamAgent";
			};
			name = Release;
		};
		A10001701B00000000000001 /* Debug */ = {
			isa = XCBuildConfiguration;
			baseConfigurationReference = 28C7A1CC96EBBFA42693A22A /* Pods-BobCamAgent-BobCamAgentUITests.debug.xcconfig */;
			buildSettings = {
				ALWAYS_EMBED_SWIFT_STANDARD_LIBRARIES = YES;
				CODE_SIGN_STYLE = Automatic;
				CURRENT_PROJECT_VERSION = 1;
				DEVELOPMENT_TEAM = "";
				GENERATE_INFOPLIST_FILE = YES;
				MARKETING_VERSION = 1.0;
				PRODUCT_BUNDLE_IDENTIFIER = com.bobcam.ios.app.BobCamAgentUITests;
				PRODUCT_NAME = "$(TARGET_NAME)";
				SWIFT_EMIT_LOC_STRINGS = NO;
				SWIFT_VERSION = 5.0;
				TARGETED_DEVICE_FAMILY = "1,2";
				TEST_TARGET_NAME = BobCamAgent;
			};
			name = Debug;
		};
		A10001711B00000000000001 /* Release */ = {
			isa = XCBuildConfiguration;
			baseConfigurationReference = 5C7F19EF88C6A955F7A11A32 /* Pods-BobCamAgent-BobCamAgentUITests.release.xcconfig */;
			buildSettings = {
				ALWAYS_EMBED_SWIFT_STANDARD_LIBRARIES = YES;
				CODE_SIGN_STYLE = Automatic;
				CURRENT_PROJECT_VERSION = 1;
				DEVELOPMENT_TEAM = "";
				GENERATE_INFOPLIST_FILE = YES;
				MARKETING_VERSION = 1.0;
				PRODUCT_BUNDLE_IDENTIFIER = com.bobcam.ios.app.BobCamAgentUITests;
				PRODUCT_NAME = "$(TARGET_NAME)";
				SWIFT_EMIT_LOC_STRINGS = NO;
				SWIFT_VERSION = 5.0;
				TARGETED_DEVICE_FAMILY = "1,2";
				TEST_TARGET_NAME = BobCamAgent;
			};
			name = Release;
		};
/* End XCBuildConfiguration section */

/* Begin XCConfigurationList section */
		A10001002B00000000000001 /* Build configuration list for PBXNativeTarget "BobCamAgent" */ = {
			isa = XCConfigurationList;
			buildConfigurations = (
				A1000116C1B00000000000001 /* Debug */,
				A1000116D1B00000000000001 /* Release */,
			);
			defaultConfigurationIsVisible = 0;
			defaultConfigurationName = Release;
		};
		A10001621B00000000000001 /* Build configuration list for PBXNativeTarget "BobCamAgentTests" */ = {
			isa = XCConfigurationList;
			buildConfigurations = (
				A1000116E1B00000000000001 /* Debug */,
				A1000116F1B00000000000001 /* Release */,
			);
			defaultConfigurationIsVisible = 0;
			defaultConfigurationName = Release;
		};
		A10001661B00000000000001 /* Build configuration list for PBXNativeTarget "BobCamAgentUITests" */ = {
			isa = XCConfigurationList;
			buildConfigurations = (
				A10001701B00000000000001 /* Debug */,
				A10001711B00000000000001 /* Release */,
			);
			defaultConfigurationIsVisible = 0;
			defaultConfigurationName = Release;
		};
		A10001691B00000000000001 /* Build configuration list for PBXProject "BobCamAgent" */ = {
			isa = XCConfigurationList;
			buildConfigurations = (
				A1000116A1B00000000000001 /* Debug */,
				A1000116B1B00000000000001 /* Release */,
			);
			defaultConfigurationIsVisible = 0;
			defaultConfigurationName = Release;
		};
/* End XCConfigurationList section */
	};
	rootObject = A10001471B00000000000001 /* Project object */;
}
